{
  "plugin_type": "extractors",
  "name": "tap-spreadsheets-s3",
  "namespace": "tap_spreadsheets_anywhere",
  "variant": "matatika",
  "label": "Spreadsheets S3",
  "docs": "https://www-localhost.matatika.com/data-details/tap-spreadsheets-s3/",
  "repo": "https://github.com/Matatika/tap-spreadsheets-anywhere",
  "pip_url": "git+https://github.com/Matatika/tap-spreadsheets-anywhere@v0.4.1 google-api-core<2.28.0",
  "executable": "tap-spreadsheets-anywhere",
  "description": "Spreadsheets S3 is a software tool that allows users sync data from spreadsheets stored in Amazon S3 into their chosen targets.\n### Prerequisites\nTo obtain the Tables required setting for connecting to Spreadsheets Anywhere, you need to have access to the spreadsheet that you want to connect to. Once you have access, you can identify the name of the table or tables that you want to connect to. The table name should be entered in the appropriate field when setting up the connection to Spreadsheets Anywhere.\nThe AWS Access Key ID and AWS Secret Access Key are the connection credentials for connecting to your S3 bucket.",
  "logo_url": "/assets/images/datasource/tap-spreadsheets-anywhere.png",
  "capabilities": [
    "discover",
    "state",
    "catalog"
  ],
  "settings": [
    {
      "name": "tables",
      "kind": "array",
      "label": "Tables",
      "description": "A setting in Spreadsheets Anywhere that allows users to select which tables they want to connect to and use in their application.",
      "hidden": false,
      "sensitive": false,
      "required": "true",
      "protected": false
    },
    {
      "name": "aws_access_key_id",
      "env": "AWS_ACCESS_KEY_ID",
      "kind": "string",
      "label": "AWS Access Key ID",
      "hidden": false,
      "sensitive": true,
      "required": "true",
      "protected": false
    },
    {
      "name": "aws_secret_access_key",
      "env": "AWS_SECRET_ACCESS_KEY",
      "kind": "string",
      "label": "AWS Secret Access Key",
      "hidden": false,
      "sensitive": true,
      "required": "true",
      "protected": false
    }
  ]
}
